
Microsoft Visual Studio Solution File, Format Version 12.00
# Visual Studio Version 17
VisualStudioVersion = 17.7.34024.191
MinimumVisualStudioVersion = 10.0.40219.1
Project("{FAE04EC0-301F-11D3-BF4B-00C04F79EFBC}") = "ConsoleApp3", "ConsoleApp3\ConsoleApp3.csproj", "{C3CDCB76-C6E4-4996-8426-3F6C42F33AAB}"
EndProject
Global
	GlobalSection(SolutionConfigurationPlatforms) = preSolution
		Debug|Any CPU = Debug|Any CPU
		Release|Any CPU = Release|Any CPU
	EndGlobalSection
	GlobalSection(ProjectConfigurationPlatforms) = postSolution
		{C3CDCB76-C6E4-4996-8426-3F6C42F33AAB}.Debug|Any CPU.ActiveCfg = Debug|Any CPU
		{C3CDCB76-C6E4-4996-8426-3F6C42F33AAB}.Debug|Any CPU.Build.0 = Debug|Any CPU
		{C3CDCB76-C6E4-4996-8426-3F6C42F33AAB}.Release|Any CPU.ActiveCfg = Release|Any CPU
		{C3CDCB76-C6E4-4996-8426-3F6C42F33AAB}.Release|Any CPU.Build.0 = Release|Any CPU
	EndGlobalSection
	GlobalSection(SolutionProperties) = preSolution
		HideSolutionNode = FALSE
	EndGlobalSection
	GlobalSection(ExtensibilityGlobals) = postSolution
		SolutionGuid = {0441563D-4411-4FFA-8848-E3BA62907BC8}
	EndGlobalSection
EndGlobal
